
Microsoft Visual Studio Solution File, Format Version 12.00
# Visual Studio Version 16
VisualStudioVersion = 16.0.32929.386
MinimumVisualStudioVersion = 10.0.40219.1
Project("{FAE04EC0-301F-11D3-BF4B-00C04F79EFBC}") = "WindowsFormsAppEjemploListaNombre", "WindowsFormsAppEjemploListaNombre\WindowsFormsAppEjemploListaNombre.csproj", "{AD232820-C15B-4133-B769-DB750D1EC8FB}"
EndProject
Global
	GlobalSection(SolutionConfigurationPlatforms) = preSolution
		Debug|Any CPU = Debug|Any CPU
		Release|Any CPU = Release|Any CPU
	EndGlobalSection
	GlobalSection(ProjectConfigurationPlatforms) = postSolution
		{AD232820-C15B-4133-B769-DB750D1EC8FB}.Debug|Any CPU.ActiveCfg = Debug|Any CPU
		{AD232820-C15B-4133-B769-DB750D1EC8FB}.Debug|Any CPU.Build.0 = Debug|Any CPU
		{AD232820-C15B-4133-B769-DB750D1EC8FB}.Release|Any CPU.ActiveCfg = Release|Any CPU
		{AD232820-C15B-4133-B769-DB750D1EC8FB}.Release|Any CPU.Build.0 = Release|Any CPU
	EndGlobalSection
	GlobalSection(SolutionProperties) = preSolution
		HideSolutionNode = FALSE
	EndGlobalSection
	GlobalSection(ExtensibilityGlobals) = postSolution
		SolutionGuid = {A909B5F4-5C75-4A6F-8729-DD59C608B5A5}
	EndGlobalSection
EndGlobal
